
Microsoft Visual Studio Solution File, Format Version 12.00
# Visual Studio Version 17
VisualStudioVersion = 17.3.32819.101
MinimumVisualStudioVersion = 10.0.40219.1
Project("{FAE04EC0-301F-11D3-BF4B-00C04F79EFBC}") = "NotesAPI - with_Repository_Pattern_and_Dtos", "NotesAPI - with_Repository_Pattern_and_Dtos.csproj", "{876EED4E-8A90-4720-9B65-3487A3BDEE26}"
EndProject
Global
	GlobalSection(SolutionConfigurationPlatforms) = preSolution
		Debug|Any CPU = Debug|Any CPU
		Release|Any CPU = Release|Any CPU
	EndGlobalSection
	GlobalSection(ProjectConfigurationPlatforms) = postSolution
		{876EED4E-8A90-4720-9B65-3487A3BDEE26}.Debug|Any CPU.ActiveCfg = Debug|Any CPU
		{876EED4E-8A90-4720-9B65-3487A3BDEE26}.Debug|Any CPU.Build.0 = Debug|Any CPU
		{876EED4E-8A90-4720-9B65-3487A3BDEE26}.Release|Any CPU.ActiveCfg = Release|Any CPU
		{876EED4E-8A90-4720-9B65-3487A3BDEE26}.Release|Any CPU.Build.0 = Release|Any CPU
	EndGlobalSection
	GlobalSection(SolutionProperties) = preSolution
		HideSolutionNode = FALSE
	EndGlobalSection
	GlobalSection(ExtensibilityGlobals) = postSolution
		SolutionGuid = {C786B1A0-68A9-498F-A510-0FE5FC0D5E8A}
	EndGlobalSection
EndGlobal
